
Microsoft Visual Studio Solution File, Format Version 12.00
Project("{2150E333-8FDC-42A3-9474-1A3956D46DE8}") = "Web", "Web", "{220FBB78-1BD4-4CD1-9269-9DB17240B326}"
EndProject
Project("{2150E333-8FDC-42A3-9474-1A3956D46DE8}") = "IoC", "IoC", "{09C987A3-BEBF-47F3-9EFB-0D2EE7C22450}"
EndProject
Project("{2150E333-8FDC-42A3-9474-1A3956D46DE8}") = "Domain", "Domain", "{D814CC12-15A4-41E4-B719-BC2CBC459F53}"
EndProject
Project("{2150E333-8FDC-42A3-9474-1A3956D46DE8}") = "Data", "Data", "{1F88F7F5-FDC0-4E14-86DF-E6502F6FCEEC}"
EndProject
Project("{2150E333-8FDC-42A3-9474-1A3956D46DE8}") = "Application", "Application", "{AD678820-C269-4A41-85D5-1697D2A308B1}"
EndProject
Project("{FAE04EC0-301F-11D3-BF4B-00C04F79EFBC}") = "Improwave.IoC", "Improwave.IoC\Improwave.IoC.csproj", "{2E7E14E8-B0E5-424F-9BC7-AF2FB793A63B}"
EndProject
Project("{FAE04EC0-301F-11D3-BF4B-00C04F79EFBC}") = "Improwave.Web", "Improwave.Web\Improwave.Web.csproj", "{42D63111-3106-4240-8A6F-2135F4ED12E4}"
EndProject
Project("{FAE04EC0-301F-11D3-BF4B-00C04F79EFBC}") = "Improwave.Domain", "Improwave.Domain\Improwave.Domain.csproj", "{A7FABF90-4576-43E8-A649-16D778948D77}"
EndProject
Project("{FAE04EC0-301F-11D3-BF4B-00C04F79EFBC}") = "Improwave.Data", "Improwave.Data\Improwave.Data.csproj", "{D39FA079-03C2-4C6A-BEC1-DBAD86040062}"
EndProject
Project("{FAE04EC0-301F-11D3-BF4B-00C04F79EFBC}") = "Improwave.Application", "Improwave.Application\Improwave.Application.csproj", "{7F1E2E23-AFE4-4727-B99A-CAF6F05D8F69}"
EndProject
Global
	GlobalSection(SolutionConfigurationPlatforms) = preSolution
		Debug|Any CPU = Debug|Any CPU
		Release|Any CPU = Release|Any CPU
	EndGlobalSection
	GlobalSection(NestedProjects) = preSolution
		{2E7E14E8-B0E5-424F-9BC7-AF2FB793A63B} = {09C987A3-BEBF-47F3-9EFB-0D2EE7C22450}
		{42D63111-3106-4240-8A6F-2135F4ED12E4} = {220FBB78-1BD4-4CD1-9269-9DB17240B326}
		{A7FABF90-4576-43E8-A649-16D778948D77} = {D814CC12-15A4-41E4-B719-BC2CBC459F53}
		{D39FA079-03C2-4C6A-BEC1-DBAD86040062} = {1F88F7F5-FDC0-4E14-86DF-E6502F6FCEEC}
		{7F1E2E23-AFE4-4727-B99A-CAF6F05D8F69} = {AD678820-C269-4A41-85D5-1697D2A308B1}
	EndGlobalSection
	GlobalSection(ProjectConfigurationPlatforms) = postSolution
		{2E7E14E8-B0E5-424F-9BC7-AF2FB793A63B}.Debug|Any CPU.ActiveCfg = Debug|Any CPU
		{2E7E14E8-B0E5-424F-9BC7-AF2FB793A63B}.Debug|Any CPU.Build.0 = Debug|Any CPU
		{2E7E14E8-B0E5-424F-9BC7-AF2FB793A63B}.Release|Any CPU.ActiveCfg = Release|Any CPU
		{2E7E14E8-B0E5-424F-9BC7-AF2FB793A63B}.Release|Any CPU.Build.0 = Release|Any CPU
		{42D63111-3106-4240-8A6F-2135F4ED12E4}.Debug|Any CPU.ActiveCfg = Debug|Any CPU
		{42D63111-3106-4240-8A6F-2135F4ED12E4}.Debug|Any CPU.Build.0 = Debug|Any CPU
		{42D63111-3106-4240-8A6F-2135F4ED12E4}.Release|Any CPU.ActiveCfg = Release|Any CPU
		{42D63111-3106-4240-8A6F-2135F4ED12E4}.Release|Any CPU.Build.0 = Release|Any CPU
		{A7FABF90-4576-43E8-A649-16D778948D77}.Debug|Any CPU.ActiveCfg = Debug|Any CPU
		{A7FABF90-4576-43E8-A649-16D778948D77}.Debug|Any CPU.Build.0 = Debug|Any CPU
		{A7FABF90-4576-43E8-A649-16D778948D77}.Release|Any CPU.ActiveCfg = Release|Any CPU
		{A7FABF90-4576-43E8-A649-16D778948D77}.Release|Any CPU.Build.0 = Release|Any CPU
		{D39FA079-03C2-4C6A-BEC1-DBAD86040062}.Debug|Any CPU.ActiveCfg = Debug|Any CPU
		{D39FA079-03C2-4C6A-BEC1-DBAD86040062}.Debug|Any CPU.Build.0 = Debug|Any CPU
		{D39FA079-03C2-4C6A-BEC1-DBAD86040062}.Release|Any CPU.ActiveCfg = Release|Any CPU
		{D39FA079-03C2-4C6A-BEC1-DBAD86040062}.Release|Any CPU.Build.0 = Release|Any CPU
		{7F1E2E23-AFE4-4727-B99A-CAF6F05D8F69}.Debug|Any CPU.ActiveCfg = Debug|Any CPU
		{7F1E2E23-AFE4-4727-B99A-CAF6F05D8F69}.Debug|Any CPU.Build.0 = Debug|Any CPU
		{7F1E2E23-AFE4-4727-B99A-CAF6F05D8F69}.Release|Any CPU.ActiveCfg = Release|Any CPU
		{7F1E2E23-AFE4-4727-B99A-CAF6F05D8F69}.Release|Any CPU.Build.0 = Release|Any CPU
	EndGlobalSection
EndGlobal
